github.com/PaulSonOfLars/gotgbot/v2 v2.0.0-rc.33 h1:uyVD1QSS7ftd/DE2x5OFRx4PYyhq9n4edvFJRExVWVk=
github.com/PaulSonOfLars/gotgbot/v2 v2.0.0-rc.33/go.mod h1:BSzsfjlE0wakLw2/U1FtO8rdVt+Z+4VyoGo/YcGD9QQ=
github.com/mattn/go-sqlite3 v1.14.34 h1:3NtcvcUnFBPsuRcno8pUtupspG/GM+9nZ88zgJcp6Zk=
github.com/mattn/go-sqlite3 v1.14.34/go.mod h1:Uh1q+B4BYcTPb+yiD3kU8Ct7aC0hY9fxUwlHK0RXw+Y=
